// !$*UTF8*$!
{
	archiveVersion = 1;
	classes = {
	};
	objectVersion = 56;
	objects = {

/* Begin PBXBuildFile section */
		22C960812BE207DF0022DBF9 /* MovieDiscoverApp.swift in Sources */ = {isa = PBXBuildFile; fileRef = 22C960802BE207DF0022DBF9 /* MovieDiscoverApp.swift */; };
		22C960832BE207DF0022DBF9 /* MoviesView.swift in Sources */ = {isa = PBXBuildFile; fileRef = 22C960822BE207DF0022DBF9 /* MoviesView.swift */; };
		22C960852BE207E00022DBF9 /* Assets.xcassets in Resources */ = {isa = PBXBuildFile; fileRef = 22C960842BE207E00022DBF9 /* Assets.xcassets */; };
		22C960882BE207E00022DBF9 /* Preview Assets.xcassets in Resources */ = {isa = PBXBuildFile; fileRef = 22C960872BE207E00022DBF9 /* Preview Assets.xcassets */; };
		22C960912BE20AF50022DBF9 /* NetworkService.swift in Sources */ = {isa = PBXBuildFile; fileRef = 22C960902BE20AF50022DBF9 /* NetworkService.swift */; };
		22C960932BE20B2E0022DBF9 /* Endpoint.swift in Sources */ = {isa = PBXBuildFile; fileRef = 22C960922BE20B2E0022DBF9 /* Endpoint.swift */; };
		22C960952BE20BA40022DBF9 /* HTTPMethod.swift in Sources */ = {isa = PBXBuildFile; fileRef = 22C960942BE20BA40022DBF9 /* HTTPMethod.swift */; };
		22C960972BE20CA70022DBF9 /* Constants.swift in Sources */ = {isa = PBXBuildFile; fileRef = 22C960962BE20CA70022DBF9 /* Constants.swift */; };
		22C9609A2BE20F5F0022DBF9 /* URLSessionService.swift in Sources */ = {isa = PBXBuildFile; fileRef = 22C960992BE20F5F0022DBF9 /* URLSessionService.swift */; };
		22C9609C2BE210100022DBF9 /* NetworkError.swift in Sources */ = {isa = PBXBuildFile; fileRef = 22C9609B2BE210100022DBF9 /* NetworkError.swift */; };
		22C960A42BE2179D0022DBF9 /* MoviesDependencyContainer.swift in Sources */ = {isa = PBXBuildFile; fileRef = 22C960A32BE2179D0022DBF9 /* MoviesDependencyContainer.swift */; };
		22C960A62BE217EA0022DBF9 /* AppDependencyContainer.swift in Sources */ = {isa = PBXBuildFile; fileRef = 22C960A52BE217EA0022DBF9 /* AppDependencyContainer.swift */; };
		22C960A82BE218EE0022DBF9 /* AboutView.swift in Sources */ = {isa = PBXBuildFile; fileRef = 22C960A72BE218EE0022DBF9 /* AboutView.swift */; };
		22C960AE2BE21D7C0022DBF9 /* MoviesRemoteDataSource.swift in Sources */ = {isa = PBXBuildFile; fileRef = 22C960AD2BE21D7C0022DBF9 /* MoviesRemoteDataSource.swift */; };
		22C960B12BE21D920022DBF9 /* MoviesEndpoint.swift in Sources */ = {isa = PBXBuildFile; fileRef = 22C960B02BE21D920022DBF9 /* MoviesEndpoint.swift */; };
		22C960B42BE21F360022DBF9 /* DiscoverMovieDecodableModel.swift in Sources */ = {isa = PBXBuildFile; fileRef = 22C960B32BE21F360022DBF9 /* DiscoverMovieDecodableModel.swift */; };
		22C960B62BE21F420022DBF9 /* MovieDecodableModel.swift in Sources */ = {isa = PBXBuildFile; fileRef = 22C960B52BE21F420022DBF9 /* MovieDecodableModel.swift */; };
		22C960B92BE220920022DBF9 /* DiscoverMovieBusinessModel.swift in Sources */ = {isa = PBXBuildFile; fileRef = 22C960B82BE220920022DBF9 /* DiscoverMovieBusinessModel.swift */; };
		22C960BB2BE2209A0022DBF9 /* MovieBusinessModel.swift in Sources */ = {isa = PBXBuildFile; fileRef = 22C960BA2BE2209A0022DBF9 /* MovieBusinessModel.swift */; };
/* End PBXBuildFile section */

/* Begin PBXFileReference section */
		22C9607D2BE207DF0022DBF9 /* MovieDiscover.app */ = {isa = PBXFileReference; explicitFileType = wrapper.application; includeInIndex = 0; path = MovieDiscover.app; sourceTree = BUILT_PRODUCTS_DIR; };
		22C960802BE207DF0022DBF9 /* MovieDiscoverApp.swift */ = {isa = PBXFileReference; lastKnownFileType = sourcecode.swift; path = MovieDiscoverApp.swift; sourceTree = "<group>"; };
		22C960822BE207DF0022DBF9 /* MoviesView.swift */ = {isa = PBXFileReference; lastKnownFileType = sourcecode.swift; path = MoviesView.swift; sourceTree = "<group>"; };
		22C960842BE207E00022DBF9 /* Assets.xcassets */ = {isa = PBXFileReference; lastKnownFileType = folder.assetcatalog; path = Assets.xcassets; sourceTree = "<group>"; };
		22C960872BE207E00022DBF9 /* Preview Assets.xcassets */ = {isa = PBXFileReference; lastKnownFileType = folder.assetcatalog; path = "Preview Assets.xcassets"; sourceTree = "<group>"; };
		22C960902BE20AF50022DBF9 /* NetworkService.swift */ = {isa = PBXFileReference; lastKnownFileType = sourcecode.swift; path = NetworkService.swift; sourceTree = "<group>"; };
		22C960922BE20B2E0022DBF9 /* Endpoint.swift */ = {isa = PBXFileReference; lastKnownFileType = sourcecode.swift; path = Endpoint.swift; sourceTree = "<group>"; };
		22C960942BE20BA40022DBF9 /* HTTPMethod.swift */ = {isa = PBXFileReference; lastKnownFileType = sourcecode.swift; path = HTTPMethod.swift; sourceTree = "<group>"; };
		22C960962BE20CA70022DBF9 /* Constants.swift */ = {isa = PBXFileReference; lastKnownFileType = sourcecode.swift; path = Constants.swift; sourceTree = "<group>"; };
		22C960992BE20F5F0022DBF9 /* URLSessionService.swift */ = {isa = PBXFileReference; lastKnownFileType = sourcecode.swift; path = URLSessionService.swift; sourceTree = "<group>"; };
		22C9609B2BE210100022DBF9 /* NetworkError.swift */ = {isa = PBXFileReference; lastKnownFileType = sourcecode.swift; path = NetworkError.swift; sourceTree = "<group>"; };
		22C960A32BE2179D0022DBF9 /* MoviesDependencyContainer.swift */ = {isa = PBXFileReference; lastKnownFileType = sourcecode.swift; path = MoviesDependencyContainer.swift; sourceTree = "<group>"; };
		22C960A52BE217EA0022DBF9 /* AppDependencyContainer.swift */ = {isa = PBXFileReference; lastKnownFileType = sourcecode.swift; path = AppDependencyContainer.swift; sourceTree = "<group>"; };
		22C960A72BE218EE0022DBF9 /* AboutView.swift */ = {isa = PBXFileReference; lastKnownFileType = sourcecode.swift; path = AboutView.swift; sourceTree = "<group>"; };
		22C960AD2BE21D7C0022DBF9 /* MoviesRemoteDataSource.swift */ = {isa = PBXFileReference; lastKnownFileType = sourcecode.swift; path = MoviesRemoteDataSource.swift; sourceTree = "<group>"; };
		22C960B02BE21D920022DBF9 /* MoviesEndpoint.swift */ = {isa = PBXFileReference; lastKnownFileType = sourcecode.swift; path = MoviesEndpoint.swift; sourceTree = "<group>"; };
		22C960B32BE21F360022DBF9 /* DiscoverMovieDecodableModel.swift */ = {isa = PBXFileReference; lastKnownFileType = sourcecode.swift; path = DiscoverMovieDecodableModel.swift; sourceTree = "<group>"; };
		22C960B52BE21F420022DBF9 /* MovieDecodableModel.swift */ = {isa = PBXFileReference; lastKnownFileType = sourcecode.swift; path = MovieDecodableModel.swift; sourceTree = "<group>"; };
		22C960B82BE220920022DBF9 /* DiscoverMovieBusinessModel.swift */ = {isa = PBXFileReference; lastKnownFileType = sourcecode.swift; path = DiscoverMovieBusinessModel.swift; sourceTree = "<group>"; };
		22C960BA2BE2209A0022DBF9 /* MovieBusinessModel.swift */ = {isa = PBXFileReference; lastKnownFileType = sourcecode.swift; path = MovieBusinessModel.swift; sourceTree = "<group>"; };
/* End PBXFileReference section */

/* Begin PBXFrameworksBuildPhase section */
		22C9607A2BE207DF0022DBF9 /* Frameworks */ = {
			isa = PBXFrameworksBuildPhase;
			buildActionMask = 2147483647;
			files = (
			);
			runOnlyForDeploymentPostprocessing = 0;
		};
/* End PBXFrameworksBuildPhase section */

/* Begin PBXGroup section */
		22C960742BE207DF0022DBF9 = {
			isa = PBXGroup;
			children = (
				22C9607F2BE207DF0022DBF9 /* MovieDiscover */,
				22C9607E2BE207DF0022DBF9 /* Products */,
			);
			sourceTree = "<group>";
		};
		22C9607E2BE207DF0022DBF9 /* Products */ = {
			isa = PBXGroup;
			children = (
				22C9607D2BE207DF0022DBF9 /* MovieDiscover.app */,
			);
			name = Products;
			sourceTree = "<group>";
		};
		22C9607F2BE207DF0022DBF9 /* MovieDiscover */ = {
			isa = PBXGroup;
			children = (
				22C9609D2BE215ED0022DBF9 /* Application */,
				22C9609E2BE2169D0022DBF9 /* AppModules */,
				22C9608E2BE20AC50022DBF9 /* Service */,
				22C960982BE20CAC0022DBF9 /* Resources */,
				22C960862BE207E00022DBF9 /* Preview Content */,
			);
			path = MovieDiscover;
			sourceTree = "<group>";
		};
		22C960862BE207E00022DBF9 /* Preview Content */ = {
			isa = PBXGroup;
			children = (
				22C960872BE207E00022DBF9 /* Preview Assets.xcassets */,
			);
			path = "Preview Content";
			sourceTree = "<group>";
		};
		22C9608E2BE20AC50022DBF9 /* Service */ = {
			isa = PBXGroup;
			children = (
				22C9608F2BE20ACE0022DBF9 /* Network */,
			);
			path = Service;
			sourceTree = "<group>";
		};
		22C9608F2BE20ACE0022DBF9 /* Network */ = {
			isa = PBXGroup;
			children = (
				22C960902BE20AF50022DBF9 /* NetworkService.swift */,
				22C960992BE20F5F0022DBF9 /* URLSessionService.swift */,
				22C960922BE20B2E0022DBF9 /* Endpoint.swift */,
				22C960942BE20BA40022DBF9 /* HTTPMethod.swift */,
				22C9609B2BE210100022DBF9 /* NetworkError.swift */,
			);
			path = Network;
			sourceTree = "<group>";
		};
		22C960982BE20CAC0022DBF9 /* Resources */ = {
			isa = PBXGroup;
			children = (
				22C960962BE20CA70022DBF9 /* Constants.swift */,
				22C960842BE207E00022DBF9 /* Assets.xcassets */,
			);
			path = Resources;
			sourceTree = "<group>";
		};
		22C9609D2BE215ED0022DBF9 /* Application */ = {
			isa = PBXGroup;
			children = (
				22C960802BE207DF0022DBF9 /* MovieDiscoverApp.swift */,
				22C960A52BE217EA0022DBF9 /* AppDependencyContainer.swift */,
			);
			path = Application;
			sourceTree = "<group>";
		};
		22C9609E2BE2169D0022DBF9 /* AppModules */ = {
			isa = PBXGroup;
			children = (
				22C9609F2BE2172D0022DBF9 /* MoviesModule */,
			);
			path = AppModules;
			sourceTree = "<group>";
		};
		22C9609F2BE2172D0022DBF9 /* MoviesModule */ = {
			isa = PBXGroup;
			children = (
				22C960A22BE217860022DBF9 /* Container */,
				22C960A02BE217380022DBF9 /* PresentationLayer */,
				22C960A92BE21D3E0022DBF9 /* DataLayer */,
			);
			path = MoviesModule;
			sourceTree = "<group>";
		};
		22C960A02BE217380022DBF9 /* PresentationLayer */ = {
			isa = PBXGroup;
			children = (
				22C960A12BE2173F0022DBF9 /* View */,
			);
			path = PresentationLayer;
			sourceTree = "<group>";
		};
		22C960A12BE2173F0022DBF9 /* View */ = {
			isa = PBXGroup;
			children = (
				22C960822BE207DF0022DBF9 /* MoviesView.swift */,
				22C960A72BE218EE0022DBF9 /* AboutView.swift */,
			);
			path = View;
			sourceTree = "<group>";
		};
		22C960A22BE217860022DBF9 /* Container */ = {
			isa = PBXGroup;
			children = (
				22C960A32BE2179D0022DBF9 /* MoviesDependencyContainer.swift */,
			);
			path = Container;
			sourceTree = "<group>";
		};
		22C960A92BE21D3E0022DBF9 /* DataLayer */ = {
			isa = PBXGroup;
			children = (
				22C960AB2BE21D530022DBF9 /* Repository */,
				22C960AA2BE21D490022DBF9 /* DataSources */,
			);
			path = DataLayer;
			sourceTree = "<group>";
		};
		22C960AA2BE21D490022DBF9 /* DataSources */ = {
			isa = PBXGroup;
			children = (
				22C960AC2BE21D600022DBF9 /* Remote */,
				22C960B22BE21ED00022DBF9 /* DTOModel */,
			);
			path = DataSources;
			sourceTree = "<group>";
		};
		22C960AB2BE21D530022DBF9 /* Repository */ = {
			isa = PBXGroup;
			children = (
				22C960B72BE220760022DBF9 /* BusinessModel */,
			);
			path = Repository;
			sourceTree = "<group>";
		};
		22C960AC2BE21D600022DBF9 /* Remote */ = {
			isa = PBXGroup;
			children = (
				22C960AD2BE21D7C0022DBF9 /* MoviesRemoteDataSource.swift */,
				22C960AF2BE21D810022DBF9 /* Endpoint */,
			);
			path = Remote;
			sourceTree = "<group>";
		};
		22C960AF2BE21D810022DBF9 /* Endpoint */ = {
			isa = PBXGroup;
			children = (
				22C960B02BE21D920022DBF9 /* MoviesEndpoint.swift */,
			);
			path = Endpoint;
			sourceTree = "<group>";
		};
		22C960B22BE21ED00022DBF9 /* DTOModel */ = {
			isa = PBXGroup;
			children = (
				22C960B32BE21F360022DBF9 /* DiscoverMovieDecodableModel.swift */,
				22C960B52BE21F420022DBF9 /* MovieDecodableModel.swift */,
			);
			path = DTOModel;
			sourceTree = "<group>";
		};
		22C960B72BE220760022DBF9 /* BusinessModel */ = {
			isa = PBXGroup;
			children = (
				22C960B82BE220920022DBF9 /* DiscoverMovieBusinessModel.swift */,
				22C960BA2BE2209A0022DBF9 /* MovieBusinessModel.swift */,
			);
			path = BusinessModel;
			sourceTree = "<group>";
		};
/* End PBXGroup section */

/* Begin PBXNativeTarget section */
		22C9607C2BE207DF0022DBF9 /* MovieDiscover */ = {
			isa = PBXNativeTarget;
			buildConfigurationList = 22C9608B2BE207E00022DBF9 /* Build configuration list for PBXNativeTarget "MovieDiscover" */;
			buildPhases = (
				22C960792BE207DF0022DBF9 /* Sources */,
				22C9607A2BE207DF0022DBF9 /* Frameworks */,
				22C9607B2BE207DF0022DBF9 /* Resources */,
			);
			buildRules = (
			);
			dependencies = (
			);
			name = MovieDiscover;
			productName = MovieDiscover;
			productReference = 22C9607D2BE207DF0022DBF9 /* MovieDiscover.app */;
			productType = "com.apple.product-type.application";
		};
/* End PBXNativeTarget section */

/* Begin PBXProject section */
		22C960752BE207DF0022DBF9 /* Project object */ = {
			isa = PBXProject;
			attributes = {
				BuildIndependentTargetsInParallel = 1;
				LastSwiftUpdateCheck = 1500;
				LastUpgradeCheck = 1500;
				TargetAttributes = {
					22C9607C2BE207DF0022DBF9 = {
						CreatedOnToolsVersion = 15.0.1;
					};
				};
			};
			buildConfigurationList = 22C960782BE207DF0022DBF9 /* Build configuration list for PBXProject "MovieDiscover" */;
			compatibilityVersion = "Xcode 14.0";
			developmentRegion = en;
			hasScannedForEncodings = 0;
			knownRegions = (
				en,
				Base,
			);
			mainGroup = 22C960742BE207DF0022DBF9;
			productRefGroup = 22C9607E2BE207DF0022DBF9 /* Products */;
			projectDirPath = "";
			projectRoot = "";
			targets = (
				22C9607C2BE207DF0022DBF9 /* MovieDiscover */,
			);
		};
/* End PBXProject section */

/* Begin PBXResourcesBuildPhase section */
		22C9607B2BE207DF0022DBF9 /* Resources */ = {
			isa = PBXResourcesBuildPhase;
			buildActionMask = 2147483647;
			files = (
				22C960882BE207E00022DBF9 /* Preview Assets.xcassets in Resources */,
				22C960852BE207E00022DBF9 /* Assets.xcassets in Resources */,
			);
			runOnlyForDeploymentPostprocessing = 0;
		};
/* End PBXResourcesBuildPhase section */

/* Begin PBXSourcesBuildPhase section */
		22C960792BE207DF0022DBF9 /* Sources */ = {
			isa = PBXSourcesBuildPhase;
			buildActionMask = 2147483647;
			files = (
				22C960B62BE21F420022DBF9 /* MovieDecodableModel.swift in Sources */,
				22C960832BE207DF0022DBF9 /* MoviesView.swift in Sources */,
				22C960AE2BE21D7C0022DBF9 /* MoviesRemoteDataSource.swift in Sources */,
				22C9609C2BE210100022DBF9 /* NetworkError.swift in Sources */,
				22C960A82BE218EE0022DBF9 /* AboutView.swift in Sources */,
				22C960A62BE217EA0022DBF9 /* AppDependencyContainer.swift in Sources */,
				22C9609A2BE20F5F0022DBF9 /* URLSessionService.swift in Sources */,
				22C960A42BE2179D0022DBF9 /* MoviesDependencyContainer.swift in Sources */,
				22C960912BE20AF50022DBF9 /* NetworkService.swift in Sources */,
				22C960BB2BE2209A0022DBF9 /* MovieBusinessModel.swift in Sources */,
				22C960932BE20B2E0022DBF9 /* Endpoint.swift in Sources */,
				22C960952BE20BA40022DBF9 /* HTTPMethod.swift in Sources */,
				22C960812BE207DF0022DBF9 /* MovieDiscoverApp.swift in Sources */,
				22C960B42BE21F360022DBF9 /* DiscoverMovieDecodableModel.swift in Sources */,
				22C960972BE20CA70022DBF9 /* Constants.swift in Sources */,
				22C960B92BE220920022DBF9 /* DiscoverMovieBusinessModel.swift in Sources */,
				22C960B12BE21D920022DBF9 /* MoviesEndpoint.swift in Sources */,
			);
			runOnlyForDeploymentPostprocessing = 0;
		};
/* End PBXSourcesBuildPhase section */

/* Begin XCBuildConfiguration section */
		22C960892BE207E00022DBF9 /* Debug */ = {
			isa = XCBuildConfiguration;
			buildSettings = {
				ALWAYS_SEARCH_USER_PATHS = NO;
				ASSETCATALOG_COMPILER_GENERATE_SWIFT_ASSET_SYMBOL_EXTENSIONS = YES;
				CLANG_ANALYZER_NONNULL = YES;
				CLANG_ANALYZER_NUMBER_OBJECT_CONVERSION = YES_AGGRESSIVE;
				CLANG_CXX_LANGUAGE_STANDARD = "gnu++20";
				CLANG_ENABLE_MODULES = YES;
				CLANG_ENABLE_OBJC_ARC = YES;
				CLANG_ENABLE_OBJC_WEAK = YES;
				CLANG_WARN_BLOCK_CAPTURE_AUTORELEASING = YES;
				CLANG_WARN_BOOL_CONVERSION = YES;
				CLANG_WARN_COMMA = YES;
				CLANG_WARN_CONSTANT_CONVERSION = YES;
				CLANG_WARN_DEPRECATED_OBJC_IMPLEMENTATIONS = YES;
				CLANG_WARN_DIRECT_OBJC_ISA_USAGE = YES_ERROR;
				CLANG_WARN_DOCUMENTATION_COMMENTS = YES;
				CLANG_WARN_EMPTY_BODY = YES;
				CLANG_WARN_ENUM_CONVERSION = YES;
				CLANG_WARN_INFINITE_RECURSION = YES;
				CLANG_WARN_INT_CONVERSION = YES;
				CLANG_WARN_NON_LITERAL_NULL_CONVERSION = YES;
				CLANG_WARN_OBJC_IMPLICIT_RETAIN_SELF = YES;
				CLANG_WARN_OBJC_LITERAL_CONVERSION = YES;
				CLANG_WARN_OBJC_ROOT_CLASS = YES_ERROR;
				CLANG_WARN_QUOTED_INCLUDE_IN_FRAMEWORK_HEADER = YES;
				CLANG_WARN_RANGE_LOOP_ANALYSIS = YES;
				CLANG_WARN_STRICT_PROTOTYPES = YES;
				CLANG_WARN_SUSPICIOUS_MOVE = YES;
				CLANG_WARN_UNGUARDED_AVAILABILITY = YES_AGGRESSIVE;
				CLANG_WARN_UNREACHABLE_CODE = YES;
				CLANG_WARN__DUPLICATE_METHOD_MATCH = YES;
				COPY_PHASE_STRIP = NO;
				DEBUG_INFORMATION_FORMAT = dwarf;
				ENABLE_STRICT_OBJC_MSGSEND = YES;
				ENABLE_TESTABILITY = YES;
				ENABLE_USER_SCRIPT_SANDBOXING = YES;
				GCC_C_LANGUAGE_STANDARD = gnu17;
				GCC_DYNAMIC_NO_PIC = NO;
				GCC_NO_COMMON_BLOCKS = YES;
				GCC_OPTIMIZATION_LEVEL = 0;
				GCC_PREPROCESSOR_DEFINITIONS = (
					"DEBUG=1",
					"$(inherited)",
				);
				GCC_WARN_64_TO_32_BIT_CONVERSION = YES;
				GCC_WARN_ABOUT_RETURN_TYPE = YES_ERROR;
				GCC_WARN_UNDECLARED_SELECTOR = YES;
				GCC_WARN_UNINITIALIZED_AUTOS = YES_AGGRESSIVE;
				GCC_WARN_UNUSED_FUNCTION = YES;
				GCC_WARN_UNUSED_VARIABLE = YES;
				IPHONEOS_DEPLOYMENT_TARGET = 17.0;
				LOCALIZATION_PREFERS_STRING_CATALOGS = YES;
				MTL_ENABLE_DEBUG_INFO = INCLUDE_SOURCE;
				MTL_FAST_MATH = YES;
				ONLY_ACTIVE_ARCH = YES;
				SDKROOT = iphoneos;
				SWIFT_ACTIVE_COMPILATION_CONDITIONS = "DEBUG $(inherited)";
				SWIFT_OPTIMIZATION_LEVEL = "-Onone";
			};
			name = Debug;
		};
		22C9608A2BE207E00022DBF9 /* Release */ = {
			isa = XCBuildConfiguration;
			buildSettings = {
				ALWAYS_SEARCH_USER_PATHS = NO;
				ASSETCATALOG_COMPILER_GENERATE_SWIFT_ASSET_SYMBOL_EXTENSIONS = YES;
				CLANG_ANALYZER_NONNULL = YES;
				CLANG_ANALYZER_NUMBER_OBJECT_CONVERSION = YES_AGGRESSIVE;
				CLANG_CXX_LANGUAGE_STANDARD = "gnu++20";
				CLANG_ENABLE_MODULES = YES;
				CLANG_ENABLE_OBJC_ARC = YES;
				CLANG_ENABLE_OBJC_WEAK = YES;
				CLANG_WARN_BLOCK_CAPTURE_AUTORELEASING = YES;
				CLANG_WARN_BOOL_CONVERSION = YES;
				CLANG_WARN_COMMA = YES;
				CLANG_WARN_CONSTANT_CONVERSION = YES;
				CLANG_WARN_DEPRECATED_OBJC_IMPLEMENTATIONS = YES;
				CLANG_WARN_DIRECT_OBJC_ISA_USAGE = YES_ERROR;
				CLANG_WARN_DOCUMENTATION_COMMENTS = YES;
				CLANG_WARN_EMPTY_BODY = YES;
				CLANG_WARN_ENUM_CONVERSION = YES;
				CLANG_WARN_INFINITE_RECURSION = YES;
				CLANG_WARN_INT_CONVERSION = YES;
				CLANG_WARN_NON_LITERAL_NULL_CONVERSION = YES;
				CLANG_WARN_OBJC_IMPLICIT_RETAIN_SELF = YES;
				CLANG_WARN_OBJC_LITERAL_CONVERSION = YES;
				CLANG_WARN_OBJC_ROOT_CLASS = YES_ERROR;
				CLANG_WARN_QUOTED_INCLUDE_IN_FRAMEWORK_HEADER = YES;
				CLANG_WARN_RANGE_LOOP_ANALYSIS = YES;
				CLANG_WARN_STRICT_PROTOTYPES = YES;
				CLANG_WARN_SUSPICIOUS_MOVE = YES;
				CLANG_WARN_UNGUARDED_AVAILABILITY = YES_AGGRESSIVE;
				CLANG_WARN_UNREACHABLE_CODE = YES;
				CLANG_WARN__DUPLICATE_METHOD_MATCH = YES;
				COPY_PHASE_STRIP = NO;
				DEBUG_INFORMATION_FORMAT = "dwarf-with-dsym";
				ENABLE_NS_ASSERTIONS = NO;
				ENABLE_STRICT_OBJC_MSGSEND = YES;
				ENABLE_USER_SCRIPT_SANDBOXING = YES;
				GCC_C_LANGUAGE_STANDARD = gnu17;
				GCC_NO_COMMON_BLOCKS = YES;
				GCC_WARN_64_TO_32_BIT_CONVERSION = YES;
				GCC_WARN_ABOUT_RETURN_TYPE = YES_ERROR;
				GCC_WARN_UNDECLARED_SELECTOR = YES;
				GCC_WARN_UNINITIALIZED_AUTOS = YES_AGGRESSIVE;
				GCC_WARN_UNUSED_FUNCTION = YES;
				GCC_WARN_UNUSED_VARIABLE = YES;
				IPHONEOS_DEPLOYMENT_TARGET = 17.0;
				LOCALIZATION_PREFERS_STRING_CATALOGS = YES;
				MTL_ENABLE_DEBUG_INFO = NO;
				MTL_FAST_MATH = YES;
				SDKROOT = iphoneos;
				SWIFT_COMPILATION_MODE = wholemodule;
				VALIDATE_PRODUCT = YES;
			};
			name = Release;
		};
		22C9608C2BE207E00022DBF9 /* Debug */ = {
			isa = XCBuildConfiguration;
			buildSettings = {
				ASSETCATALOG_COMPILER_APPICON_NAME = AppIcon;
				ASSETCATALOG_COMPILER_GLOBAL_ACCENT_COLOR_NAME = AccentColor;
				CODE_SIGN_STYLE = Automatic;
				CURRENT_PROJECT_VERSION = 1;
				DEVELOPMENT_ASSET_PATHS = "\"MovieDiscover/Preview Content\"";
				DEVELOPMENT_TEAM = 9FNNS73DWP;
				ENABLE_PREVIEWS = YES;
				GENERATE_INFOPLIST_FILE = YES;
				INFOPLIST_KEY_UIApplicationSceneManifest_Generation = YES;
				INFOPLIST_KEY_UIApplicationSupportsIndirectInputEvents = YES;
				INFOPLIST_KEY_UILaunchScreen_Generation = YES;
				INFOPLIST_KEY_UISupportedInterfaceOrientations_iPad = "UIInterfaceOrientationPortrait UIInterfaceOrientationPortraitUpsideDown UIInterfaceOrientationLandscapeLeft UIInterfaceOrientationLandscapeRight";
				INFOPLIST_KEY_UISupportedInterfaceOrientations_iPhone = "UIInterfaceOrientationPortrait UIInterfaceOrientationLandscapeLeft UIInterfaceOrientationLandscapeRight";
				LD_RUNPATH_SEARCH_PATHS = (
					"$(inherited)",
					"@executable_path/Frameworks",
				);
				MARKETING_VERSION = 1.0;
				PRODUCT_BUNDLE_IDENTIFIER = com.MovieDiscover;
				PRODUCT_NAME = "$(TARGET_NAME)";
				SWIFT_EMIT_LOC_STRINGS = YES;
				SWIFT_VERSION = 5.0;
				TARGETED_DEVICE_FAMILY = "1,2";
			};
			name = Debug;
		};
		22C9608D2BE207E00022DBF9 /* Release */ = {
			isa = XCBuildConfiguration;
			buildSettings = {
				ASSETCATALOG_COMPILER_APPICON_NAME = AppIcon;
				ASSETCATALOG_COMPILER_GLOBAL_ACCENT_COLOR_NAME = AccentColor;
				CODE_SIGN_STYLE = Automatic;
				CURRENT_PROJECT_VERSION = 1;
				DEVELOPMENT_ASSET_PATHS = "\"MovieDiscover/Preview Content\"";
				DEVELOPMENT_TEAM = 9FNNS73DWP;
				ENABLE_PREVIEWS = YES;
				GENERATE_INFOPLIST_FILE = YES;
				INFOPLIST_KEY_UIApplicationSceneManifest_Generation = YES;
				INFOPLIST_KEY_UIApplicationSupportsIndirectInputEvents = YES;
				INFOPLIST_KEY_UILaunchScreen_Generation = YES;
				INFOPLIST_KEY_UISupportedInterfaceOrientations_iPad = "UIInterfaceOrientationPortrait UIInterfaceOrientationPortraitUpsideDown UIInterfaceOrientationLandscapeLeft UIInterfaceOrientationLandscapeRight";
				INFOPLIST_KEY_UISupportedInterfaceOrientations_iPhone = "UIInterfaceOrientationPortrait UIInterfaceOrientationLandscapeLeft UIInterfaceOrientationLandscapeRight";
				LD_RUNPATH_SEARCH_PATHS = (
					"$(inherited)",
					"@executable_path/Frameworks",
				);
				MARKETING_VERSION = 1.0;
				PRODUCT_BUNDLE_IDENTIFIER = com.MovieDiscover;
				PRODUCT_NAME = "$(TARGET_NAME)";
				SWIFT_EMIT_LOC_STRINGS = YES;
				SWIFT_VERSION = 5.0;
				TARGETED_DEVICE_FAMILY = "1,2";
			};
			name = Release;
		};
/* End XCBuildConfiguration section */

/* Begin XCConfigurationList section */
		22C960782BE207DF0022DBF9 /* Build configuration list for PBXProject "MovieDiscover" */ = {
			isa = XCConfigurationList;
			buildConfigurations = (
				22C960892BE207E00022DBF9 /* Debug */,
				22C9608A2BE207E00022DBF9 /* Release */,
			);
			defaultConfigurationIsVisible = 0;
			defaultConfigurationName = Release;
		};
		22C9608B2BE207E00022DBF9 /* Build configuration list for PBXNativeTarget "MovieDiscover" */ = {
			isa = XCConfigurationList;
			buildConfigurations = (
				22C9608C2BE207E00022DBF9 /* Debug */,
				22C9608D2BE207E00022DBF9 /* Release */,
			);
			defaultConfigurationIsVisible = 0;
			defaultConfigurationName = Release;
		};
/* End XCConfigurationList section */
	};
	rootObject = 22C960752BE207DF0022DBF9 /* Project object */;
}
